
Microsoft Visual Studio Solution File, Format Version 12.00
# Visual Studio 14
VisualStudioVersion = 14.0.25420.1
MinimumVisualStudioVersion = 10.0.40219.1
Project("{A0786B88-2ADB-4C21-ABE8-AA2D79766269}") = "Cestovná_kancelária", "Cestovná_kancelária\Cestovná_kancelária.phpproj", "{DE5E751B-4E6E-4E02-918F-B2D52F0A3F16}"
EndProject
Global
	GlobalSection(SolutionConfigurationPlatforms) = preSolution
		Debug|Any CPU = Debug|Any CPU
		Release|Any CPU = Release|Any CPU
	EndGlobalSection
	GlobalSection(ProjectConfigurationPlatforms) = postSolution
		{DE5E751B-4E6E-4E02-918F-B2D52F0A3F16}.Debug|Any CPU.ActiveCfg = Debug|Any CPU
		{DE5E751B-4E6E-4E02-918F-B2D52F0A3F16}.Release|Any CPU.ActiveCfg = Release|Any CPU
	EndGlobalSection
	GlobalSection(SolutionProperties) = preSolution
		HideSolutionNode = FALSE
	EndGlobalSection
EndGlobal
